
Microsoft Visual Studio Solution File, Format Version 9.00
# Visual Studio 2005
Project("{8BC9CEB8-8B4A-11D0-8D11-00A0C91BC942}") = "XULWin", "XULWin_vs80.vcproj", "{D623C05B-BDD9-4D6E-8E51-E3275608DEBE}"
	ProjectSection(ProjectDependencies) = postProject
		{85286E77-8679-422A-A839-C1D563D4441F} = {85286E77-8679-422A-A839-C1D563D4441F}
	EndProjectSection
EndProject
Project("{8BC9CEB8-8B4A-11D0-8D11-00A0C91BC942}") = "Utils", "..\Utils\Utils_vs80.vcproj", "{85286E77-8679-422A-A839-C1D563D4441F}"
EndProject
Project("{8BC9CEB8-8B4A-11D0-8D11-00A0C91BC942}") = "Test", "..\Test\Test_vs80.vcproj", "{01FEEDB4-2408-444E-B274-8BE629148C66}"
	ProjectSection(ProjectDependencies) = postProject
		{D623C05B-BDD9-4D6E-8E51-E3275608DEBE} = {D623C05B-BDD9-4D6E-8E51-E3275608DEBE}
		{85286E77-8679-422A-A839-C1D563D4441F} = {85286E77-8679-422A-A839-C1D563D4441F}
	EndProjectSection
EndProject
Global
	GlobalSection(SolutionConfigurationPlatforms) = preSolution
		Debug|Win32 = Debug|Win32
		Release|Win32 = Release|Win32
	EndGlobalSection
	GlobalSection(ProjectConfigurationPlatforms) = postSolution
		{D623C05B-BDD9-4D6E-8E51-E3275608DEBE}.Debug|Win32.ActiveCfg = Debug|Win32
		{D623C05B-BDD9-4D6E-8E51-E3275608DEBE}.Debug|Win32.Build.0 = Debug|Win32
		{D623C05B-BDD9-4D6E-8E51-E3275608DEBE}.Release|Win32.ActiveCfg = Release|Win32
		{D623C05B-BDD9-4D6E-8E51-E3275608DEBE}.Release|Win32.Build.0 = Release|Win32
		{85286E77-8679-422A-A839-C1D563D4441F}.Debug|Win32.ActiveCfg = Debug|Win32
		{85286E77-8679-422A-A839-C1D563D4441F}.Debug|Win32.Build.0 = Debug|Win32
		{85286E77-8679-422A-A839-C1D563D4441F}.Release|Win32.ActiveCfg = Release|Win32
		{85286E77-8679-422A-A839-C1D563D4441F}.Release|Win32.Build.0 = Release|Win32
		{01FEEDB4-2408-444E-B274-8BE629148C66}.Debug|Win32.ActiveCfg = Debug|Win32
		{01FEEDB4-2408-444E-B274-8BE629148C66}.Debug|Win32.Build.0 = Debug|Win32
		{01FEEDB4-2408-444E-B274-8BE629148C66}.Release|Win32.ActiveCfg = Release|Win32
		{01FEEDB4-2408-444E-B274-8BE629148C66}.Release|Win32.Build.0 = Release|Win32
	EndGlobalSection
	GlobalSection(SolutionProperties) = preSolution
		HideSolutionNode = FALSE
	EndGlobalSection
EndGlobal
