
Microsoft Visual Studio Solution File, Format Version 9.00
# Visual C++ Express 2005
Project("{8BC9CEB8-8B4A-11D0-8D11-00A0C91BC942}") = "Net_express", "Poco\Net\Net_express.vcproj", "{A351BBB8-FE35-4397-9800-087E1B073B46}"
	ProjectSection(ProjectDependencies) = postProject
		{12A9CF7D-263D-4B37-95E8-9270DBAD8832} = {12A9CF7D-263D-4B37-95E8-9270DBAD8832}
		{0014667F-9AA1-45C8-8C80-D062F4083F3B} = {0014667F-9AA1-45C8-8C80-D062F4083F3B}
		{3C0E37D8-6E50-4FDE-BDDF-47594EECBC59} = {3C0E37D8-6E50-4FDE-BDDF-47594EECBC59}
	EndProjectSection
EndProject
Project("{8BC9CEB8-8B4A-11D0-8D11-00A0C91BC942}") = "XSD", "XSD\XSD.vcproj", "{51424875-5DDF-4183-8C46-10A8162E337B}"
	ProjectSection(ProjectDependencies) = postProject
		{12A9CF7D-263D-4B37-95E8-9270DBAD8832} = {12A9CF7D-263D-4B37-95E8-9270DBAD8832}
		{0014667F-9AA1-45C8-8C80-D062F4083F3B} = {0014667F-9AA1-45C8-8C80-D062F4083F3B}
		{A351BBB8-FE35-4397-9800-087E1B073B46} = {A351BBB8-FE35-4397-9800-087E1B073B46}
		{3C0E37D8-6E50-4FDE-BDDF-47594EECBC59} = {3C0E37D8-6E50-4FDE-BDDF-47594EECBC59}
	EndProjectSection
EndProject
Project("{8BC9CEB8-8B4A-11D0-8D11-00A0C91BC942}") = "Foundation_express", "Poco\Foundation\Foundation_express.vcproj", "{0014667F-9AA1-45C8-8C80-D062F4083F3B}"
EndProject
Project("{8BC9CEB8-8B4A-11D0-8D11-00A0C91BC942}") = "Util_Express", "Poco\Util\Util_Express.vcproj", "{12A9CF7D-263D-4B37-95E8-9270DBAD8832}"
	ProjectSection(ProjectDependencies) = postProject
		{0014667F-9AA1-45C8-8C80-D062F4083F3B} = {0014667F-9AA1-45C8-8C80-D062F4083F3B}
	EndProjectSection
EndProject
Project("{8BC9CEB8-8B4A-11D0-8D11-00A0C91BC942}") = "XML_express", "Poco\XML\XML_express.vcproj", "{3C0E37D8-6E50-4FDE-BDDF-47594EECBC59}"
	ProjectSection(ProjectDependencies) = postProject
		{12A9CF7D-263D-4B37-95E8-9270DBAD8832} = {12A9CF7D-263D-4B37-95E8-9270DBAD8832}
		{0014667F-9AA1-45C8-8C80-D062F4083F3B} = {0014667F-9AA1-45C8-8C80-D062F4083F3B}
	EndProjectSection
EndProject
Global
	GlobalSection(SolutionConfigurationPlatforms) = preSolution
		Debug|Win32 = Debug|Win32
		DebugUnicode|Win32 = DebugUnicode|Win32
		Release|Win32 = Release|Win32
		ReleaseUnicode|Win32 = ReleaseUnicode|Win32
	EndGlobalSection
	GlobalSection(ProjectConfigurationPlatforms) = postSolution
		{A351BBB8-FE35-4397-9800-087E1B073B46}.Debug|Win32.ActiveCfg = Debug|Win32
		{A351BBB8-FE35-4397-9800-087E1B073B46}.Debug|Win32.Build.0 = Debug|Win32
		{A351BBB8-FE35-4397-9800-087E1B073B46}.DebugUnicode|Win32.ActiveCfg = Debug|Win32
		{A351BBB8-FE35-4397-9800-087E1B073B46}.DebugUnicode|Win32.Build.0 = Debug|Win32
		{A351BBB8-FE35-4397-9800-087E1B073B46}.Release|Win32.ActiveCfg = Release|Win32
		{A351BBB8-FE35-4397-9800-087E1B073B46}.Release|Win32.Build.0 = Release|Win32
		{A351BBB8-FE35-4397-9800-087E1B073B46}.ReleaseUnicode|Win32.ActiveCfg = Release|Win32
		{A351BBB8-FE35-4397-9800-087E1B073B46}.ReleaseUnicode|Win32.Build.0 = Release|Win32
		{51424875-5DDF-4183-8C46-10A8162E337B}.Debug|Win32.ActiveCfg = Debug|Win32
		{51424875-5DDF-4183-8C46-10A8162E337B}.Debug|Win32.Build.0 = Debug|Win32
		{51424875-5DDF-4183-8C46-10A8162E337B}.DebugUnicode|Win32.ActiveCfg = Debug|Win32
		{51424875-5DDF-4183-8C46-10A8162E337B}.DebugUnicode|Win32.Build.0 = Debug|Win32
		{51424875-5DDF-4183-8C46-10A8162E337B}.Release|Win32.ActiveCfg = Release|Win32
		{51424875-5DDF-4183-8C46-10A8162E337B}.Release|Win32.Build.0 = Release|Win32
		{51424875-5DDF-4183-8C46-10A8162E337B}.ReleaseUnicode|Win32.ActiveCfg = Release|Win32
		{51424875-5DDF-4183-8C46-10A8162E337B}.ReleaseUnicode|Win32.Build.0 = Release|Win32
		{0014667F-9AA1-45C8-8C80-D062F4083F3B}.Debug|Win32.ActiveCfg = Debug|Win32
		{0014667F-9AA1-45C8-8C80-D062F4083F3B}.Debug|Win32.Build.0 = Debug|Win32
		{0014667F-9AA1-45C8-8C80-D062F4083F3B}.DebugUnicode|Win32.ActiveCfg = DebugUnicode|Win32
		{0014667F-9AA1-45C8-8C80-D062F4083F3B}.DebugUnicode|Win32.Build.0 = DebugUnicode|Win32
		{0014667F-9AA1-45C8-8C80-D062F4083F3B}.Release|Win32.ActiveCfg = Release|Win32
		{0014667F-9AA1-45C8-8C80-D062F4083F3B}.Release|Win32.Build.0 = Release|Win32
		{0014667F-9AA1-45C8-8C80-D062F4083F3B}.ReleaseUnicode|Win32.ActiveCfg = ReleaseUnicode|Win32
		{0014667F-9AA1-45C8-8C80-D062F4083F3B}.ReleaseUnicode|Win32.Build.0 = ReleaseUnicode|Win32
		{12A9CF7D-263D-4B37-95E8-9270DBAD8832}.Debug|Win32.ActiveCfg = Debug|Win32
		{12A9CF7D-263D-4B37-95E8-9270DBAD8832}.Debug|Win32.Build.0 = Debug|Win32
		{12A9CF7D-263D-4B37-95E8-9270DBAD8832}.DebugUnicode|Win32.ActiveCfg = Debug|Win32
		{12A9CF7D-263D-4B37-95E8-9270DBAD8832}.DebugUnicode|Win32.Build.0 = Debug|Win32
		{12A9CF7D-263D-4B37-95E8-9270DBAD8832}.Release|Win32.ActiveCfg = Release|Win32
		{12A9CF7D-263D-4B37-95E8-9270DBAD8832}.Release|Win32.Build.0 = Release|Win32
		{12A9CF7D-263D-4B37-95E8-9270DBAD8832}.ReleaseUnicode|Win32.ActiveCfg = Release|Win32
		{12A9CF7D-263D-4B37-95E8-9270DBAD8832}.ReleaseUnicode|Win32.Build.0 = Release|Win32
		{3C0E37D8-6E50-4FDE-BDDF-47594EECBC59}.Debug|Win32.ActiveCfg = Debug|Win32
		{3C0E37D8-6E50-4FDE-BDDF-47594EECBC59}.Debug|Win32.Build.0 = Debug|Win32
		{3C0E37D8-6E50-4FDE-BDDF-47594EECBC59}.DebugUnicode|Win32.ActiveCfg = Debug|Win32
		{3C0E37D8-6E50-4FDE-BDDF-47594EECBC59}.DebugUnicode|Win32.Build.0 = Debug|Win32
		{3C0E37D8-6E50-4FDE-BDDF-47594EECBC59}.Release|Win32.ActiveCfg = Release|Win32
		{3C0E37D8-6E50-4FDE-BDDF-47594EECBC59}.Release|Win32.Build.0 = Release|Win32
		{3C0E37D8-6E50-4FDE-BDDF-47594EECBC59}.ReleaseUnicode|Win32.ActiveCfg = Release|Win32
		{3C0E37D8-6E50-4FDE-BDDF-47594EECBC59}.ReleaseUnicode|Win32.Build.0 = Release|Win32
	EndGlobalSection
	GlobalSection(SolutionProperties) = preSolution
		HideSolutionNode = FALSE
	EndGlobalSection
EndGlobal
