
Microsoft Visual Studio Solution File, Format Version 9.00
# Visual Studio 2005
Project("{8BC9CEB8-8B4A-11D0-8D11-00A0C91BC942}") = "HighScoreServer", "HighScoreServer\HighScoreServer_vs80.vcproj", "{FBE39DB3-4987-4F63-BF07-2A3DC8619050}"
	ProjectSection(ProjectDependencies) = postProject
		{8164D41D-B053-405B-826C-CF37AC0EF176} = {8164D41D-B053-405B-826C-CF37AC0EF176}
		{240E83C3-368D-11DB-9FBC-00123FC423B5} = {240E83C3-368D-11DB-9FBC-00123FC423B5}
		{B057A1FE-09F7-465E-B8B5-E1B659051D76} = {B057A1FE-09F7-465E-B8B5-E1B659051D76}
		{6FF56CDB-787A-4714-A28C-919003F9FA6C} = {6FF56CDB-787A-4714-A28C-919003F9FA6C}
		{9E211743-85FE-4977-82F3-4F04B40C912D} = {9E211743-85FE-4977-82F3-4F04B40C912D}
	EndProjectSection
EndProject
Project("{8BC9CEB8-8B4A-11D0-8D11-00A0C91BC942}") = "PocoFoundation", "3rdParty\Poco\Foundation\Foundation_vs80.vcproj", "{8164D41D-B053-405B-826C-CF37AC0EF176}"
EndProject
Project("{8BC9CEB8-8B4A-11D0-8D11-00A0C91BC942}") = "PocoNet", "3rdParty\Poco\Net\Net_vs80.vcproj", "{B057A1FE-09F7-465E-B8B5-E1B659051D76}"
	ProjectSection(ProjectDependencies) = postProject
		{8164D41D-B053-405B-826C-CF37AC0EF176} = {8164D41D-B053-405B-826C-CF37AC0EF176}
	EndProjectSection
EndProject
Project("{8BC9CEB8-8B4A-11D0-8D11-00A0C91BC942}") = "PocoUtil", "3rdParty\Poco\Util\Util_vs80.vcproj", "{6FF56CDB-787A-4714-A28C-919003F9FA6C}"
	ProjectSection(ProjectDependencies) = postProject
		{B057A1FE-09F7-465E-B8B5-E1B659051D76} = {B057A1FE-09F7-465E-B8B5-E1B659051D76}
		{9E211743-85FE-4977-82F3-4F04B40C912D} = {9E211743-85FE-4977-82F3-4F04B40C912D}
		{8164D41D-B053-405B-826C-CF37AC0EF176} = {8164D41D-B053-405B-826C-CF37AC0EF176}
	EndProjectSection
EndProject
Project("{8BC9CEB8-8B4A-11D0-8D11-00A0C91BC942}") = "PocoXML", "3rdParty\Poco\XML\XML_vs80.vcproj", "{9E211743-85FE-4977-82F3-4F04B40C912D}"
EndProject
Project("{8BC9CEB8-8B4A-11D0-8D11-00A0C91BC942}") = "PocoData", "3rdParty\Poco\Data\Data_VS80.vcproj", "{240E83C3-368D-11DB-9FBC-00123FC423B5}"
	ProjectSection(ProjectDependencies) = postProject
		{8164D41D-B053-405B-826C-CF37AC0EF176} = {8164D41D-B053-405B-826C-CF37AC0EF176}
	EndProjectSection
EndProject
Global
	GlobalSection(SolutionConfigurationPlatforms) = preSolution
		Debug|Win32 = Debug|Win32
		Release|Win32 = Release|Win32
	EndGlobalSection
	GlobalSection(ProjectConfigurationPlatforms) = postSolution
		{FBE39DB3-4987-4F63-BF07-2A3DC8619050}.Debug|Win32.ActiveCfg = Debug|Win32
		{FBE39DB3-4987-4F63-BF07-2A3DC8619050}.Debug|Win32.Build.0 = Debug|Win32
		{FBE39DB3-4987-4F63-BF07-2A3DC8619050}.Release|Win32.ActiveCfg = Release|Win32
		{FBE39DB3-4987-4F63-BF07-2A3DC8619050}.Release|Win32.Build.0 = Release|Win32
		{8164D41D-B053-405B-826C-CF37AC0EF176}.Debug|Win32.ActiveCfg = Debug|Win32
		{8164D41D-B053-405B-826C-CF37AC0EF176}.Debug|Win32.Build.0 = Debug|Win32
		{8164D41D-B053-405B-826C-CF37AC0EF176}.Release|Win32.ActiveCfg = Release|Win32
		{8164D41D-B053-405B-826C-CF37AC0EF176}.Release|Win32.Build.0 = Release|Win32
		{B057A1FE-09F7-465E-B8B5-E1B659051D76}.Debug|Win32.ActiveCfg = Debug|Win32
		{B057A1FE-09F7-465E-B8B5-E1B659051D76}.Debug|Win32.Build.0 = Debug|Win32
		{B057A1FE-09F7-465E-B8B5-E1B659051D76}.Release|Win32.ActiveCfg = Release|Win32
		{B057A1FE-09F7-465E-B8B5-E1B659051D76}.Release|Win32.Build.0 = Release|Win32
		{6FF56CDB-787A-4714-A28C-919003F9FA6C}.Debug|Win32.ActiveCfg = Debug|Win32
		{6FF56CDB-787A-4714-A28C-919003F9FA6C}.Debug|Win32.Build.0 = Debug|Win32
		{6FF56CDB-787A-4714-A28C-919003F9FA6C}.Release|Win32.ActiveCfg = Release|Win32
		{6FF56CDB-787A-4714-A28C-919003F9FA6C}.Release|Win32.Build.0 = Release|Win32
		{9E211743-85FE-4977-82F3-4F04B40C912D}.Debug|Win32.ActiveCfg = Debug|Win32
		{9E211743-85FE-4977-82F3-4F04B40C912D}.Debug|Win32.Build.0 = Debug|Win32
		{9E211743-85FE-4977-82F3-4F04B40C912D}.Release|Win32.ActiveCfg = Release|Win32
		{9E211743-85FE-4977-82F3-4F04B40C912D}.Release|Win32.Build.0 = Release|Win32
		{240E83C3-368D-11DB-9FBC-00123FC423B5}.Debug|Win32.ActiveCfg = Debug|Win32
		{240E83C3-368D-11DB-9FBC-00123FC423B5}.Debug|Win32.Build.0 = Debug|Win32
		{240E83C3-368D-11DB-9FBC-00123FC423B5}.Release|Win32.ActiveCfg = Release|Win32
		{240E83C3-368D-11DB-9FBC-00123FC423B5}.Release|Win32.Build.0 = Release|Win32
	EndGlobalSection
	GlobalSection(SolutionProperties) = preSolution
		HideSolutionNode = FALSE
	EndGlobalSection
EndGlobal
